#MicroXplorer Configuration settings - do not modify
CAD.formats=
CAD.pinconfig=
CAD.provider=
Dma.Request0=SPI2_RX
Dma.Request1=SPI2_TX
Dma.Request10=UART7_RX
Dma.Request2=UART5_RX
Dma.Request3=UART8_RX
Dma.Request4=UART8_TX
Dma.Request5=USART10_RX
Dma.Request6=USART10_TX
Dma.Request7=USART1_RX
Dma.Request8=USART1_TX
Dma.Request9=UART7_TX
Dma.RequestsNb=11
Dma.SPI2_RX.0.Direction=DMA_PERIPH_TO_MEMORY
Dma.SPI2_RX.0.EventEnable=DISABLE
Dma.SPI2_RX.0.FIFOMode=DMA_FIFOMODE_DISABLE
Dma.SPI2_RX.0.Instance=DMA1_Stream2
Dma.SPI2_RX.0.MemDataAlignment=DMA_MDATAALIGN_BYTE
Dma.SPI2_RX.0.MemInc=DMA_MINC_ENABLE
Dma.SPI2_RX.0.Mode=DMA_NORMAL
Dma.SPI2_RX.0.PeriphDataAlignment=DMA_PDATAALIGN_BYTE
Dma.SPI2_RX.0.PeriphInc=DMA_PINC_DISABLE
Dma.SPI2_RX.0.Polarity=HAL_DMAMUX_REQ_GEN_RISING
Dma.SPI2_RX.0.Priority=DMA_PRIORITY_VERY_HIGH
Dma.SPI2_RX.0.RequestNumber=1
Dma.SPI2_RX.0.RequestParameters=Instance,Direction,PeriphInc,MemInc,PeriphDataAlignment,MemDataAlignment,Mode,Priority,FIFOMode,SignalID,Polarity,RequestNumber,SyncSignalID,SyncPolarity,SyncEnable,EventEnable,SyncRequestNumber
Dma.SPI2_RX.0.SignalID=NONE
Dma.SPI2_RX.0.SyncEnable=DISABLE
Dma.SPI2_RX.0.SyncPolarity=HAL_DMAMUX_SYNC_NO_EVENT
Dma.SPI2_RX.0.SyncRequestNumber=1
Dma.SPI2_RX.0.SyncSignalID=NONE
Dma.SPI2_TX.1.Direction=DMA_MEMORY_TO_PERIPH
Dma.SPI2_TX.1.EventEnable=DISABLE
Dma.SPI2_TX.1.FIFOMode=DMA_FIFOMODE_DISABLE
Dma.SPI2_TX.1.Instance=DMA1_Stream1
Dma.SPI2_TX.1.MemDataAlignment=DMA_MDATAALIGN_BYTE
Dma.SPI2_TX.1.MemInc=DMA_MINC_ENABLE
Dma.SPI2_TX.1.Mode=DMA_NORMAL
Dma.SPI2_TX.1.PeriphDataAlignment=DMA_PDATAALIGN_BYTE
Dma.SPI2_TX.1.PeriphInc=DMA_PINC_DISABLE
Dma.SPI2_TX.1.Polarity=HAL_DMAMUX_REQ_GEN_RISING
Dma.SPI2_TX.1.Priority=DMA_PRIORITY_HIGH
Dma.SPI2_TX.1.RequestNumber=1
Dma.SPI2_TX.1.RequestParameters=Instance,Direction,PeriphInc,MemInc,PeriphDataAlignment,MemDataAlignment,Mode,Priority,FIFOMode,SignalID,Polarity,RequestNumber,SyncSignalID,SyncPolarity,SyncEnable,EventEnable,SyncRequestNumber
Dma.SPI2_TX.1.SignalID=NONE
Dma.SPI2_TX.1.SyncEnable=DISABLE
Dma.SPI2_TX.1.SyncPolarity=HAL_DMAMUX_SYNC_NO_EVENT
Dma.SPI2_TX.1.SyncRequestNumber=1
Dma.SPI2_TX.1.SyncSignalID=NONE
Dma.UART5_RX.2.Direction=DMA_PERIPH_TO_MEMORY
Dma.UART5_RX.2.EventEnable=DISABLE
Dma.UART5_RX.2.FIFOMode=DMA_FIFOMODE_DISABLE
Dma.UART5_RX.2.Instance=DMA1_Stream0
Dma.UART5_RX.2.MemDataAlignment=DMA_MDATAALIGN_BYTE
Dma.UART5_RX.2.MemInc=DMA_MINC_ENABLE
Dma.UART5_RX.2.Mode=DMA_CIRCULAR
Dma.UART5_RX.2.PeriphDataAlignment=DMA_PDATAALIGN_BYTE
Dma.UART5_RX.2.PeriphInc=DMA_PINC_DISABLE
Dma.UART5_RX.2.Polarity=HAL_DMAMUX_REQ_GEN_RISING
Dma.UART5_RX.2.Priority=DMA_PRIORITY_VERY_HIGH
Dma.UART5_RX.2.RequestNumber=1
Dma.UART5_RX.2.RequestParameters=Instance,Direction,PeriphInc,MemInc,PeriphDataAlignment,MemDataAlignment,Mode,Priority,FIFOMode,SignalID,Polarity,RequestNumber,SyncSignalID,SyncPolarity,SyncEnable,EventEnable,SyncRequestNumber
Dma.UART5_RX.2.SignalID=NONE
Dma.UART5_RX.2.SyncEnable=DISABLE
Dma.UART5_RX.2.SyncPolarity=HAL_DMAMUX_SYNC_NO_EVENT
Dma.UART5_RX.2.SyncRequestNumber=1
Dma.UART5_RX.2.SyncSignalID=NONE
Dma.UART7_RX.10.Direction=DMA_PERIPH_TO_MEMORY
Dma.UART7_RX.10.EventEnable=DISABLE
Dma.UART7_RX.10.FIFOMode=DMA_FIFOMODE_DISABLE
Dma.UART7_RX.10.Instance=DMA2_Stream0
Dma.UART7_RX.10.MemDataAlignment=DMA_MDATAALIGN_BYTE
Dma.UART7_RX.10.MemInc=DMA_MINC_ENABLE
Dma.UART7_RX.10.Mode=DMA_NORMAL
Dma.UART7_RX.10.PeriphDataAlignment=DMA_PDATAALIGN_BYTE
Dma.UART7_RX.10.PeriphInc=DMA_PINC_DISABLE
Dma.UART7_RX.10.Polarity=HAL_DMAMUX_REQ_GEN_RISING
Dma.UART7_RX.10.Priority=DMA_PRIORITY_HIGH
Dma.UART7_RX.10.RequestNumber=1
Dma.UART7_RX.10.RequestParameters=Instance,Direction,PeriphInc,MemInc,PeriphDataAlignment,MemDataAlignment,Mode,Priority,FIFOMode,SignalID,Polarity,RequestNumber,SyncSignalID,SyncPolarity,SyncEnable,EventEnable,SyncRequestNumber
Dma.UART7_RX.10.SignalID=NONE
Dma.UART7_RX.10.SyncEnable=DISABLE
Dma.UART7_RX.10.SyncPolarity=HAL_DMAMUX_SYNC_NO_EVENT
Dma.UART7_RX.10.SyncRequestNumber=1
Dma.UART7_RX.10.SyncSignalID=NONE
Dma.UART7_TX.9.Direction=DMA_MEMORY_TO_PERIPH
Dma.UART7_TX.9.EventEnable=DISABLE
Dma.UART7_TX.9.FIFOMode=DMA_FIFOMODE_DISABLE
Dma.UART7_TX.9.Instance=DMA1_Stream7
Dma.UART7_TX.9.MemDataAlignment=DMA_MDATAALIGN_BYTE
Dma.UART7_TX.9.MemInc=DMA_MINC_ENABLE
Dma.UART7_TX.9.Mode=DMA_NORMAL
Dma.UART7_TX.9.PeriphDataAlignment=DMA_PDATAALIGN_BYTE
Dma.UART7_TX.9.PeriphInc=DMA_PINC_DISABLE
Dma.UART7_TX.9.Polarity=HAL_DMAMUX_REQ_GEN_RISING
Dma.UART7_TX.9.Priority=DMA_PRIORITY_HIGH
Dma.UART7_TX.9.RequestNumber=1
Dma.UART7_TX.9.RequestParameters=Instance,Direction,PeriphInc,MemInc,PeriphDataAlignment,MemDataAlignment,Mode,Priority,FIFOMode,SignalID,Polarity,RequestNumber,SyncSignalID,SyncPolarity,SyncEnable,EventEnable,SyncRequestNumber
Dma.UART7_TX.9.SignalID=NONE
Dma.UART7_TX.9.SyncEnable=DISABLE
Dma.UART7_TX.9.SyncPolarity=HAL_DMAMUX_SYNC_NO_EVENT
Dma.UART7_TX.9.SyncRequestNumber=1
Dma.UART7_TX.9.SyncSignalID=NONE
Dma.UART8_RX.3.Direction=DMA_PERIPH_TO_MEMORY
Dma.UART8_RX.3.EventEnable=DISABLE
Dma.UART8_RX.3.FIFOMode=DMA_FIFOMODE_DISABLE
Dma.UART8_RX.3.Instance=DMA1_Stream3
Dma.UART8_RX.3.MemDataAlignment=DMA_MDATAALIGN_BYTE
Dma.UART8_RX.3.MemInc=DMA_MINC_ENABLE
Dma.UART8_RX.3.Mode=DMA_CIRCULAR
Dma.UART8_RX.3.PeriphDataAlignment=DMA_PDATAALIGN_BYTE
Dma.UART8_RX.3.PeriphInc=DMA_PINC_DISABLE
Dma.UART8_RX.3.Polarity=HAL_DMAMUX_REQ_GEN_RISING
Dma.UART8_RX.3.Priority=DMA_PRIORITY_VERY_HIGH
Dma.UART8_RX.3.RequestNumber=1
Dma.UART8_RX.3.RequestParameters=Instance,Direction,PeriphInc,MemInc,PeriphDataAlignment,MemDataAlignment,Mode,Priority,FIFOMode,SignalID,Polarity,RequestNumber,SyncSignalID,SyncPolarity,SyncEnable,EventEnable,SyncRequestNumber
Dma.UART8_RX.3.SignalID=NONE
Dma.UART8_RX.3.SyncEnable=DISABLE
Dma.UART8_RX.3.SyncPolarity=HAL_DMAMUX_SYNC_NO_EVENT
Dma.UART8_RX.3.SyncRequestNumber=1
Dma.UART8_RX.3.SyncSignalID=NONE
Dma.UART8_TX.4.Direction=DMA_MEMORY_TO_PERIPH
Dma.UART8_TX.4.EventEnable=DISABLE
Dma.UART8_TX.4.FIFOMode=DMA_FIFOMODE_DISABLE
Dma.UART8_TX.4.Instance=DMA1_Stream4
Dma.UART8_TX.4.MemDataAlignment=DMA_MDATAALIGN_BYTE
Dma.UART8_TX.4.MemInc=DMA_MINC_ENABLE
Dma.UART8_TX.4.Mode=DMA_CIRCULAR
Dma.UART8_TX.4.PeriphDataAlignment=DMA_PDATAALIGN_BYTE
Dma.UART8_TX.4.PeriphInc=DMA_PINC_DISABLE
Dma.UART8_TX.4.Polarity=HAL_DMAMUX_REQ_GEN_RISING
Dma.UART8_TX.4.Priority=DMA_PRIORITY_VERY_HIGH
Dma.UART8_TX.4.RequestNumber=1
Dma.UART8_TX.4.RequestParameters=Instance,Direction,PeriphInc,MemInc,PeriphDataAlignment,MemDataAlignment,Mode,Priority,FIFOMode,SignalID,Polarity,RequestNumber,SyncSignalID,SyncPolarity,SyncEnable,EventEnable,SyncRequestNumber
Dma.UART8_TX.4.SignalID=NONE
Dma.UART8_TX.4.SyncEnable=DISABLE
Dma.UART8_TX.4.SyncPolarity=HAL_DMAMUX_SYNC_NO_EVENT
Dma.UART8_TX.4.SyncRequestNumber=1
Dma.UART8_TX.4.SyncSignalID=NONE
Dma.USART10_RX.5.Direction=DMA_PERIPH_TO_MEMORY
Dma.USART10_RX.5.EventEnable=DISABLE
Dma.USART10_RX.5.FIFOMode=DMA_FIFOMODE_DISABLE
Dma.USART10_RX.5.Instance=DMA1_Stream5
Dma.USART10_RX.5.MemDataAlignment=DMA_MDATAALIGN_BYTE
Dma.USART10_RX.5.MemInc=DMA_MINC_ENABLE
Dma.USART10_RX.5.Mode=DMA_CIRCULAR
Dma.USART10_RX.5.PeriphDataAlignment=DMA_PDATAALIGN_BYTE
Dma.USART10_RX.5.PeriphInc=DMA_PINC_DISABLE
Dma.USART10_RX.5.Polarity=HAL_DMAMUX_REQ_GEN_RISING
Dma.USART10_RX.5.Priority=DMA_PRIORITY_VERY_HIGH
Dma.USART10_RX.5.RequestNumber=1
Dma.USART10_RX.5.RequestParameters=Instance,Direction,PeriphInc,MemInc,PeriphDataAlignment,MemDataAlignment,Mode,Priority,FIFOMode,SignalID,Polarity,RequestNumber,SyncSignalID,SyncPolarity,SyncEnable,EventEnable,SyncRequestNumber
Dma.USART10_RX.5.SignalID=NONE
Dma.USART10_RX.5.SyncEnable=DISABLE
Dma.USART10_RX.5.SyncPolarity=HAL_DMAMUX_SYNC_NO_EVENT
Dma.USART10_RX.5.SyncRequestNumber=1
Dma.USART10_RX.5.SyncSignalID=NONE
Dma.USART10_TX.6.Direction=DMA_MEMORY_TO_PERIPH
Dma.USART10_TX.6.EventEnable=DISABLE
Dma.USART10_TX.6.FIFOMode=DMA_FIFOMODE_DISABLE
Dma.USART10_TX.6.Instance=DMA1_Stream6
Dma.USART10_TX.6.MemDataAlignment=DMA_MDATAALIGN_BYTE
Dma.USART10_TX.6.MemInc=DMA_MINC_ENABLE
Dma.USART10_TX.6.Mode=DMA_CIRCULAR
Dma.USART10_TX.6.PeriphDataAlignment=DMA_PDATAALIGN_BYTE
Dma.USART10_TX.6.PeriphInc=DMA_PINC_DISABLE
Dma.USART10_TX.6.Polarity=HAL_DMAMUX_REQ_GEN_RISING
Dma.USART10_TX.6.Priority=DMA_PRIORITY_HIGH
Dma.USART10_TX.6.RequestNumber=1
Dma.USART10_TX.6.RequestParameters=Instance,Direction,PeriphInc,MemInc,PeriphDataAlignment,MemDataAlignment,Mode,Priority,FIFOMode,SignalID,Polarity,RequestNumber,SyncSignalID,SyncPolarity,SyncEnable,EventEnable,SyncRequestNumber
Dma.USART10_TX.6.SignalID=NONE
Dma.USART10_TX.6.SyncEnable=DISABLE
Dma.USART10_TX.6.SyncPolarity=HAL_DMAMUX_SYNC_NO_EVENT
Dma.USART10_TX.6.SyncRequestNumber=1
Dma.USART10_TX.6.SyncSignalID=NONE
Dma.USART1_RX.7.Direction=DMA_PERIPH_TO_MEMORY
Dma.USART1_RX.7.EventEnable=DISABLE
Dma.USART1_RX.7.FIFOMode=DMA_FIFOMODE_DISABLE
Dma.USART1_RX.7.Instance=DMA2_Stream1
Dma.USART1_RX.7.MemDataAlignment=DMA_MDATAALIGN_BYTE
Dma.USART1_RX.7.MemInc=DMA_MINC_ENABLE
Dma.USART1_RX.7.Mode=DMA_CIRCULAR
Dma.USART1_RX.7.PeriphDataAlignment=DMA_PDATAALIGN_BYTE
Dma.USART1_RX.7.PeriphInc=DMA_PINC_DISABLE
Dma.USART1_RX.7.Polarity=HAL_DMAMUX_REQ_GEN_RISING
Dma.USART1_RX.7.Priority=DMA_PRIORITY_HIGH
Dma.USART1_RX.7.RequestNumber=1
Dma.USART1_RX.7.RequestParameters=Instance,Direction,PeriphInc,MemInc,PeriphDataAlignment,MemDataAlignment,Mode,Priority,FIFOMode,SignalID,Polarity,RequestNumber,SyncSignalID,SyncPolarity,SyncEnable,EventEnable,SyncRequestNumber
Dma.USART1_RX.7.SignalID=NONE
Dma.USART1_RX.7.SyncEnable=DISABLE
Dma.USART1_RX.7.SyncPolarity=HAL_DMAMUX_SYNC_NO_EVENT
Dma.USART1_RX.7.SyncRequestNumber=1
Dma.USART1_RX.7.SyncSignalID=NONE
Dma.USART1_TX.8.Direction=DMA_MEMORY_TO_PERIPH
Dma.USART1_TX.8.EventEnable=DISABLE
Dma.USART1_TX.8.FIFOMode=DMA_FIFOMODE_DISABLE
Dma.USART1_TX.8.Instance=DMA2_Stream2
Dma.USART1_TX.8.MemDataAlignment=DMA_MDATAALIGN_BYTE
Dma.USART1_TX.8.MemInc=DMA_MINC_ENABLE
Dma.USART1_TX.8.Mode=DMA_CIRCULAR
Dma.USART1_TX.8.PeriphDataAlignment=DMA_PDATAALIGN_BYTE
Dma.USART1_TX.8.PeriphInc=DMA_PINC_DISABLE
Dma.USART1_TX.8.Polarity=HAL_DMAMUX_REQ_GEN_RISING
Dma.USART1_TX.8.Priority=DMA_PRIORITY_HIGH
Dma.USART1_TX.8.RequestNumber=1
Dma.USART1_TX.8.RequestParameters=Instance,Direction,PeriphInc,MemInc,PeriphDataAlignment,MemDataAlignment,Mode,Priority,FIFOMode,SignalID,Polarity,RequestNumber,SyncSignalID,SyncPolarity,SyncEnable,EventEnable,SyncRequestNumber
Dma.USART1_TX.8.SignalID=NONE
Dma.USART1_TX.8.SyncEnable=DISABLE
Dma.USART1_TX.8.SyncPolarity=HAL_DMAMUX_SYNC_NO_EVENT
Dma.USART1_TX.8.SyncRequestNumber=1
Dma.USART1_TX.8.SyncSignalID=NONE
FDCAN1.AutoRetransmission=ENABLE
FDCAN1.CalculateBaudRateNominal=1000000
FDCAN1.CalculateTimeBitNominal=1000
FDCAN1.CalculateTimeQuantumNominal=12.5
FDCAN1.DataPrescaler=1
FDCAN1.DataSyncJumpWidth=2
FDCAN1.DataTimeSeg1=13
FDCAN1.DataTimeSeg2=2
FDCAN1.ExtFiltersNbr=4
FDCAN1.FrameFormat=FDCAN_FRAME_FD_BRS
FDCAN1.IPParameters=CalculateTimeQuantumNominal,CalculateTimeBitNominal,CalculateBaudRateNominal,NominalPrescaler,NominalTimeSeg1,NominalTimeSeg2,DataPrescaler,DataTimeSeg1,DataTimeSeg2,StdFiltersNbr,ExtFiltersNbr,RxFifo0ElmtsNbr,RxFifo0ElmtSize,RxFifo1ElmtSize,TxFifoQueueElmtsNbr,TxElmtSize,FrameFormat,AutoRetransmission,ProtocolException,NominalSyncJumpWidth,DataSyncJumpWidth,RxFifo1ElmtsNbr,RxBuffersNbr,TxEventsNbr,TxBuffersNbr
FDCAN1.NominalPrescaler=1
FDCAN1.NominalSyncJumpWidth=20
FDCAN1.NominalTimeSeg1=59
FDCAN1.NominalTimeSeg2=20
FDCAN1.ProtocolException=ENABLE
FDCAN1.RxBuffersNbr=2
FDCAN1.RxFifo0ElmtSize=FDCAN_DATA_BYTES_8
FDCAN1.RxFifo0ElmtsNbr=10
FDCAN1.RxFifo1ElmtSize=FDCAN_DATA_BYTES_8
FDCAN1.RxFifo1ElmtsNbr=10
FDCAN1.StdFiltersNbr=4
FDCAN1.TxBuffersNbr=10
FDCAN1.TxElmtSize=FDCAN_DATA_BYTES_8
FDCAN1.TxEventsNbr=10
FDCAN1.TxFifoQueueElmtsNbr=10
FDCAN2.AutoRetransmission=DISABLE
FDCAN2.CalculateBaudRateNominal=1000000
FDCAN2.CalculateTimeBitNominal=1000
FDCAN2.CalculateTimeQuantumNominal=12.5
FDCAN2.DataPrescaler=4
FDCAN2.DataTimeSeg1=19
FDCAN2.DataTimeSeg2=5
FDCAN2.ExtFiltersNbr=0
FDCAN2.FrameFormat=FDCAN_FRAME_CLASSIC
FDCAN2.IPParameters=CalculateTimeQuantumNominal,CalculateTimeBitNominal,CalculateBaudRateNominal,NominalPrescaler,NominalTimeSeg1,NominalTimeSeg2,TxFifoQueueElmtsNbr,TxElmtSize,RxFifo1ElmtSize,RxFifo1ElmtsNbr,StdFiltersNbr,ExtFiltersNbr,MessageRAMOffset,DataTimeSeg1,DataPrescaler,DataTimeSeg2,RxFifo0ElmtsNbr,FrameFormat,AutoRetransmission,ProtocolException
FDCAN2.MessageRAMOffset=854
FDCAN2.NominalPrescaler=1
FDCAN2.NominalTimeSeg1=59
FDCAN2.NominalTimeSeg2=20
FDCAN2.ProtocolException=DISABLE
FDCAN2.RxFifo0ElmtsNbr=2
FDCAN2.RxFifo1ElmtSize=FDCAN_DATA_BYTES_8
FDCAN2.RxFifo1ElmtsNbr=0
FDCAN2.StdFiltersNbr=1
FDCAN2.TxElmtSize=FDCAN_DATA_BYTES_8
FDCAN2.TxFifoQueueElmtsNbr=2
FDCAN3.AutoRetransmission=ENABLE
FDCAN3.CalculateBaudRateNominal=1000000
FDCAN3.CalculateTimeBitNominal=1000
FDCAN3.CalculateTimeQuantumNominal=12.5
FDCAN3.DataPrescaler=1
FDCAN3.DataSyncJumpWidth=2
FDCAN3.DataTimeSeg1=13
FDCAN3.DataTimeSeg2=2
FDCAN3.ExtFiltersNbr=4
FDCAN3.FrameFormat=FDCAN_FRAME_FD_BRS
FDCAN3.IPParameters=CalculateTimeQuantumNominal,CalculateTimeBitNominal,CalculateBaudRateNominal,NominalPrescaler,NominalTimeSeg1,NominalTimeSeg2,DataPrescaler,DataTimeSeg1,DataTimeSeg2,MessageRAMOffset,StdFiltersNbr,ExtFiltersNbr,RxFifo0ElmtsNbr,TxFifoQueueElmtsNbr,FrameFormat,TransmitPause,AutoRetransmission,ProtocolException,NominalSyncJumpWidth,DataSyncJumpWidth,RxFifo1ElmtsNbr,RxBuffersNbr,TxEventsNbr,TxBuffersNbr
FDCAN3.MessageRAMOffset=0
FDCAN3.NominalPrescaler=1
FDCAN3.NominalSyncJumpWidth=20
FDCAN3.NominalTimeSeg1=59
FDCAN3.NominalTimeSeg2=20
FDCAN3.ProtocolException=ENABLE
FDCAN3.RxBuffersNbr=2
FDCAN3.RxFifo0ElmtsNbr=10
FDCAN3.RxFifo1ElmtsNbr=10
FDCAN3.StdFiltersNbr=4
FDCAN3.TransmitPause=DISABLE
FDCAN3.TxBuffersNbr=0
FDCAN3.TxEventsNbr=10
FDCAN3.TxFifoQueueElmtsNbr=10
FREERTOS.FootprintOK=true
FREERTOS.IPParameters=Tasks01,MEMORY_ALLOCATION,configTOTAL_HEAP_SIZE,configENABLE_FPU,FootprintOK,configUSE_NEWLIB_REENTRANT
FREERTOS.MEMORY_ALLOCATION=0
FREERTOS.Tasks01=defaultTask,0,128,StartDefaultTask,Default,NULL,Dynamic,NULL,NULL;INS_TASK,3,512,INS_Task,As external,NULL,Dynamic,NULL,NULL;ChassisL_TASK,1,512,ChassisL_Task,As external,NULL,Dynamic,NULL,NULL;Other_TASK,-2,128,Other_Task,As external,NULL,Dynamic,NULL,NULL;Host_Comm_TASK,2,128,Host_Comm_Task,As external,NULL,Dynamic,NULL,NULL;Can_Comm_TASK,2,128,Can_Comm_Task,As external,NULL,Dynamic,NULL,NULL;UI_TASK,1,256,UI_Task,As external,NULL,Dynamic,NULL,NULL
FREERTOS.configENABLE_FPU=1
FREERTOS.configTOTAL_HEAP_SIZE=30720
FREERTOS.configUSE_NEWLIB_REENTRANT=1
File.Version=6
GPIO.groupedBy=Group By Peripherals
KeepUserPlacement=false
MMTAppRegionsCount=0
MMTConfigApplied=false
MMTSectionSuffix=_Section
Mcu.CPN=STM32H723VGT6
Mcu.Family=STM32H7
Mcu.IP0=CORTEX_M7
Mcu.IP1=DEBUG
Mcu.IP10=SPI2
Mcu.IP11=SPI6
Mcu.IP12=SYS
Mcu.IP13=TIM3
Mcu.IP14=UART5
Mcu.IP15=UART7
Mcu.IP16=UART8
Mcu.IP17=USART1
Mcu.IP18=USART10
Mcu.IP19=USB_DEVICE
Mcu.IP2=DMA
Mcu.IP20=USB_OTG_HS
Mcu.IP3=FDCAN1
Mcu.IP4=FDCAN2
Mcu.IP5=FDCAN3
Mcu.IP6=FREERTOS
Mcu.IP7=MEMORYMAP
Mcu.IP8=NVIC
Mcu.IP9=RCC
Mcu.IPNb=21
Mcu.Name=STM32H723VGTx
Mcu.Package=LQFP100
Mcu.Pin0=PE2
Mcu.Pin1=PE3
Mcu.Pin10=PC3_C
Mcu.Pin11=PA0
Mcu.Pin12=PA2
Mcu.Pin13=PA5
Mcu.Pin14=PA7
Mcu.Pin15=PB1
Mcu.Pin16=PE7
Mcu.Pin17=PE8
Mcu.Pin18=PE9
Mcu.Pin19=PE10
Mcu.Pin2=PC13
Mcu.Pin20=PE12
Mcu.Pin21=PE13
Mcu.Pin22=PB13
Mcu.Pin23=PD12
Mcu.Pin24=PD13
Mcu.Pin25=PA9
Mcu.Pin26=PA10
Mcu.Pin27=PA11
Mcu.Pin28=PA12
Mcu.Pin29=PA13(JTMS/SWDIO)
Mcu.Pin3=PC14-OSC32_IN
Mcu.Pin30=PA14(JTCK/SWCLK)
Mcu.Pin31=PC12
Mcu.Pin32=PD0
Mcu.Pin33=PD1
Mcu.Pin34=PD2
Mcu.Pin35=PB5
Mcu.Pin36=PB6
Mcu.Pin37=PE0
Mcu.Pin38=PE1
Mcu.Pin39=VP_FREERTOS_VS_CMSIS_V1
Mcu.Pin4=PC15-OSC32_OUT
Mcu.Pin40=VP_SYS_VS_tim2
Mcu.Pin41=VP_USB_DEVICE_VS_USB_DEVICE_CDC_HS
Mcu.Pin42=VP_MEMORYMAP_VS_MEMORYMAP
Mcu.Pin43=VP_STMicroelectronics.X-CUBE-ALGOBUILD_VS_DSPOoLibraryJjLibrary_1.4.0_1.4.0
Mcu.Pin5=PH0-OSC_IN
Mcu.Pin6=PH1-OSC_OUT
Mcu.Pin7=PC0
Mcu.Pin8=PC1
Mcu.Pin9=PC2_C
Mcu.PinsNb=44
Mcu.ThirdParty0=STMicroelectronics.X-CUBE-ALGOBUILD.1.4.0
Mcu.ThirdPartyNb=1
Mcu.UserConstants=
Mcu.UserName=STM32H723VGTx
MxCube.Version=6.15.0
MxDb.Version=DB.6.0.150
NVIC.BusFault_IRQn=true\:0\:0\:false\:false\:true\:false\:false\:false\:false
NVIC.DMA1_Stream0_IRQn=true\:5\:0\:true\:false\:true\:true\:false\:true\:true
NVIC.DMA1_Stream1_IRQn=true\:5\:0\:true\:false\:true\:true\:false\:true\:true
NVIC.DMA1_Stream2_IRQn=true\:5\:0\:false\:false\:true\:true\:false\:true\:true
NVIC.DMA1_Stream3_IRQn=true\:5\:0\:false\:false\:true\:true\:false\:true\:true
NVIC.DMA1_Stream4_IRQn=true\:5\:0\:false\:false\:true\:true\:false\:true\:true
NVIC.DMA1_Stream5_IRQn=true\:5\:0\:false\:false\:true\:true\:false\:true\:true
NVIC.DMA1_Stream6_IRQn=true\:5\:0\:false\:false\:true\:true\:false\:true\:true
NVIC.DMA1_Stream7_IRQn=true\:5\:0\:false\:false\:true\:true\:false\:true\:true
NVIC.DMA2_Stream0_IRQn=true\:5\:0\:false\:false\:true\:true\:false\:true\:true
NVIC.DMA2_Stream1_IRQn=true\:5\:0\:false\:false\:true\:true\:false\:true\:true
NVIC.DMA2_Stream2_IRQn=true\:5\:0\:false\:false\:true\:true\:false\:true\:true
NVIC.DebugMonitor_IRQn=true\:0\:0\:false\:false\:true\:false\:false\:false\:false
NVIC.FDCAN1_IT0_IRQn=true\:5\:0\:true\:false\:true\:true\:true\:true\:true
NVIC.FDCAN1_IT1_IRQn=true\:5\:0\:false\:false\:true\:true\:true\:true\:true
NVIC.FDCAN2_IT0_IRQn=true\:5\:0\:true\:false\:true\:true\:true\:true\:true
NVIC.FDCAN3_IT0_IRQn=true\:5\:0\:false\:false\:true\:true\:true\:true\:true
NVIC.FDCAN3_IT1_IRQn=true\:5\:0\:false\:false\:true\:true\:true\:true\:true
NVIC.FDCAN_CAL_IRQn=true\:5\:0\:false\:false\:true\:true\:true\:true\:true
NVIC.ForceEnableDMAVector=true
NVIC.HardFault_IRQn=true\:0\:0\:false\:false\:true\:false\:false\:false\:false
NVIC.MemoryManagement_IRQn=true\:0\:0\:false\:false\:true\:false\:false\:false\:false
NVIC.NonMaskableInt_IRQn=true\:0\:0\:false\:false\:true\:false\:false\:false\:false
NVIC.OTG_HS_IRQn=true\:5\:0\:false\:false\:true\:true\:true\:true\:true
NVIC.PendSV_IRQn=true\:15\:0\:false\:false\:false\:true\:false\:false\:false
NVIC.PriorityGroup=NVIC_PRIORITYGROUP_4
NVIC.SPI2_IRQn=true\:5\:0\:true\:false\:true\:true\:false\:true\:true
NVIC.SVCall_IRQn=true\:0\:0\:false\:false\:false\:false\:false\:false\:false
NVIC.SavedPendsvIrqHandlerGenerated=true
NVIC.SavedSvcallIrqHandlerGenerated=true
NVIC.SavedSystickIrqHandlerGenerated=true
NVIC.SysTick_IRQn=true\:15\:0\:false\:false\:false\:true\:false\:true\:false
NVIC.TIM2_IRQn=true\:15\:0\:false\:false\:true\:false\:false\:true\:true
NVIC.TimeBase=TIM2_IRQn
NVIC.TimeBaseIP=TIM2
NVIC.UART5_IRQn=true\:5\:0\:false\:false\:true\:true\:true\:true\:true
NVIC.UART7_IRQn=true\:5\:0\:false\:false\:true\:true\:true\:true\:true
NVIC.UART8_IRQn=true\:5\:0\:false\:false\:true\:true\:true\:true\:true
NVIC.USART10_IRQn=true\:5\:0\:false\:false\:true\:true\:true\:true\:true
NVIC.USART1_IRQn=true\:5\:0\:false\:false\:true\:true\:true\:true\:true
NVIC.UsageFault_IRQn=true\:0\:0\:false\:false\:true\:false\:false\:false\:false
PA0.GPIOParameters=PinState,GPIO_PuPd,GPIO_Label,GPIO_ModeDefaultOutputPP
PA0.GPIO_Label=JOINT4
PA0.GPIO_ModeDefaultOutputPP=GPIO_MODE_OUTPUT_OD
PA0.GPIO_PuPd=GPIO_PULLUP
PA0.Locked=true
PA0.PinState=GPIO_PIN_RESET
PA0.Signal=GPIO_Output
PA10.GPIOParameters=GPIO_Speed
PA10.GPIO_Speed=GPIO_SPEED_FREQ_VERY_HIGH
PA10.Locked=true
PA10.Mode=Asynchronous
PA10.Signal=USART1_RX
PA11.Locked=true
PA11.Mode=Device_Only_FS
PA11.Signal=USB_OTG_HS_DM
PA12.Locked=true
PA12.Mode=Device_Only_FS
PA12.Signal=USB_OTG_HS_DP
PA13(JTMS/SWDIO).Mode=Serial_Wire
PA13(JTMS/SWDIO).Signal=DEBUG_JTMS-SWDIO
PA14(JTCK/SWCLK).Mode=Serial_Wire
PA14(JTCK/SWCLK).Signal=DEBUG_JTCK-SWCLK
PA2.GPIOParameters=GPIO_Speed,PinState,GPIO_PuPd,GPIO_Label,GPIO_ModeDefaultOutputPP
PA2.GPIO_Label=JOINT3
PA2.GPIO_ModeDefaultOutputPP=GPIO_MODE_OUTPUT_PP
PA2.GPIO_PuPd=GPIO_PULLUP
PA2.GPIO_Speed=GPIO_SPEED_FREQ_LOW
PA2.Locked=true
PA2.PinState=GPIO_PIN_RESET
PA2.Signal=GPIO_Output
PA5.GPIOParameters=GPIO_Speed
PA5.GPIO_Speed=GPIO_SPEED_FREQ_VERY_HIGH
PA5.Locked=true
PA5.Mode=TX_Only_Simplex_Unidirect_Master
PA5.Signal=SPI6_SCK
PA7.GPIOParameters=GPIO_Speed
PA7.GPIO_Speed=GPIO_SPEED_FREQ_VERY_HIGH
PA7.Locked=true
PA7.Mode=TX_Only_Simplex_Unidirect_Master
PA7.Signal=SPI6_MOSI
PA9.GPIOParameters=GPIO_Speed
PA9.GPIO_Speed=GPIO_SPEED_FREQ_VERY_HIGH
PA9.Locked=true
PA9.Mode=Asynchronous
PA9.Signal=USART1_TX
PB1.Signal=S_TIM3_CH4
PB13.GPIOParameters=GPIO_Speed
PB13.GPIO_Speed=GPIO_SPEED_FREQ_VERY_HIGH
PB13.Locked=true
PB13.Mode=Full_Duplex_Master
PB13.Signal=SPI2_SCK
PB5.Locked=true
PB5.Mode=FDCAN_Activate
PB5.Signal=FDCAN2_RX
PB6.Mode=FDCAN_Activate
PB6.Signal=FDCAN2_TX
PC0.GPIOParameters=GPIO_Speed,PinState,GPIO_Label
PC0.GPIO_Label=ACC_CS
PC0.GPIO_Speed=GPIO_SPEED_FREQ_VERY_HIGH
PC0.Locked=true
PC0.PinState=GPIO_PIN_SET
PC0.Signal=GPIO_Output
PC1.GPIOParameters=GPIO_Speed
PC1.GPIO_Speed=GPIO_SPEED_FREQ_VERY_HIGH
PC1.Locked=true
PC1.Mode=Full_Duplex_Master
PC1.Signal=SPI2_MOSI
PC12.GPIOParameters=GPIO_Speed
PC12.GPIO_Speed=GPIO_SPEED_FREQ_VERY_HIGH
PC12.Mode=Asynchronous
PC12.Signal=UART5_TX
PC13.Locked=true
PC13.Signal=GPIO_Output
PC14-OSC32_IN.Locked=true
PC14-OSC32_IN.Signal=GPIO_Output
PC15-OSC32_OUT.GPIOParameters=PinState
PC15-OSC32_OUT.Locked=true
PC15-OSC32_OUT.PinState=GPIO_PIN_RESET
PC15-OSC32_OUT.Signal=GPIO_Output
PC2_C.GPIOParameters=GPIO_Speed
PC2_C.GPIO_Speed=GPIO_SPEED_FREQ_VERY_HIGH
PC2_C.Locked=true
PC2_C.Mode=Full_Duplex_Master
PC2_C.Signal=SPI2_MISO
PC3_C.GPIOParameters=GPIO_Speed,PinState,GPIO_Label
PC3_C.GPIO_Label=GYRO_CS
PC3_C.GPIO_Speed=GPIO_SPEED_FREQ_VERY_HIGH
PC3_C.Locked=true
PC3_C.PinState=GPIO_PIN_SET
PC3_C.Signal=GPIO_Output
PD0.Locked=true
PD0.Mode=FDCAN_Activate
PD0.Signal=FDCAN1_RX
PD1.Locked=true
PD1.Mode=FDCAN_Activate
PD1.Signal=FDCAN1_TX
PD12.GPIOParameters=GPIO_Speed
PD12.GPIO_Speed=GPIO_SPEED_FREQ_LOW
PD12.Mode=FDCAN_Activate
PD12.Signal=FDCAN3_RX
PD13.GPIOParameters=GPIO_Speed
PD13.GPIO_Speed=GPIO_SPEED_FREQ_LOW
PD13.Mode=FDCAN_Activate
PD13.Signal=FDCAN3_TX
PD2.GPIOParameters=GPIO_Speed
PD2.GPIO_Speed=GPIO_SPEED_FREQ_VERY_HIGH
PD2.Locked=true
PD2.Mode=Asynchronous
PD2.Signal=UART5_RX
PE0.GPIOParameters=GPIO_Speed
PE0.GPIO_Speed=GPIO_SPEED_FREQ_VERY_HIGH
PE0.Locked=true
PE0.Mode=Asynchronous
PE0.Signal=UART8_RX
PE1.GPIOParameters=GPIO_Speed
PE1.GPIO_Speed=GPIO_SPEED_FREQ_VERY_HIGH
PE1.Locked=true
PE1.Mode=Asynchronous
PE1.Signal=UART8_TX
PE10.GPIOParameters=GPIO_Label
PE10.GPIO_Label=ACC_INT
PE10.Locked=true
PE10.Signal=GPXTI10
PE12.GPIOParameters=GPIO_Label
PE12.GPIO_Label=GYRO_INT
PE12.Locked=true
PE12.Signal=GPXTI12
PE13.GPIOParameters=GPIO_Speed,PinState,GPIO_PuPd,GPIO_Label,GPIO_ModeDefaultOutputPP
PE13.GPIO_Label=JOINT1
PE13.GPIO_ModeDefaultOutputPP=GPIO_MODE_OUTPUT_OD
PE13.GPIO_PuPd=GPIO_PULLUP
PE13.GPIO_Speed=GPIO_SPEED_FREQ_LOW
PE13.Locked=true
PE13.PinState=GPIO_PIN_RESET
PE13.Signal=GPIO_Output
PE2.GPIOParameters=GPIO_Speed
PE2.GPIO_Speed=GPIO_SPEED_FREQ_VERY_HIGH
PE2.Locked=true
PE2.Mode=Asynchronous
PE2.Signal=USART10_RX
PE3.GPIOParameters=GPIO_Speed
PE3.GPIO_Speed=GPIO_SPEED_FREQ_VERY_HIGH
PE3.Locked=true
PE3.Mode=Asynchronous
PE3.Signal=USART10_TX
PE7.Mode=Asynchronous
PE7.Signal=UART7_RX
PE8.Mode=Asynchronous
PE8.Signal=UART7_TX
PE9.GPIOParameters=GPIO_Speed,PinState,GPIO_PuPd,GPIO_Label,GPIO_ModeDefaultOutputPP
PE9.GPIO_Label=JOINT2
PE9.GPIO_ModeDefaultOutputPP=GPIO_MODE_OUTPUT_OD
PE9.GPIO_PuPd=GPIO_PULLUP
PE9.GPIO_Speed=GPIO_SPEED_FREQ_LOW
PE9.Locked=true
PE9.PinState=GPIO_PIN_RESET
PE9.Signal=GPIO_Output
PH0-OSC_IN.Mode=HSE-External-Oscillator
PH0-OSC_IN.Signal=RCC_OSC_IN
PH1-OSC_OUT.Mode=HSE-External-Oscillator
PH1-OSC_OUT.Signal=RCC_OSC_OUT
PinOutPanel.RotationAngle=0
ProjectManager.AskForMigrate=true
ProjectManager.BackupPrevious=false
ProjectManager.CompilerLinker=GCC
ProjectManager.CompilerOptimize=6
ProjectManager.ComputerToolchain=false
ProjectManager.CoupleFile=true
ProjectManager.CustomerFirmwarePackage=
ProjectManager.DefaultFWLocation=true
ProjectManager.DeletePrevious=true
ProjectManager.DeviceId=STM32H723VGTx
ProjectManager.FirmwarePackage=STM32Cube FW_H7 V1.12.1
ProjectManager.FreePins=false
ProjectManager.FreePinsContext=
ProjectManager.HalAssertFull=false
ProjectManager.HeapSize=0x4000
ProjectManager.KeepUserCode=true
ProjectManager.LastFirmware=true
ProjectManager.LibraryCopy=1
ProjectManager.MainLocation=Core/Src
ProjectManager.NoMain=false
ProjectManager.PreviousToolchain=STM32CubeIDE
ProjectManager.ProjectBuild=false
ProjectManager.ProjectFileName=wheel_leg_sys.ioc
ProjectManager.ProjectName=wheel_leg_sys
ProjectManager.ProjectStructure=
ProjectManager.RegisterCallBack=
ProjectManager.StackSize=0x4000
ProjectManager.TargetToolchain=STM32CubeIDE
ProjectManager.ToolChainLocation=
ProjectManager.UAScriptAfterPath=
ProjectManager.UAScriptBeforePath=
ProjectManager.UnderRoot=true
ProjectManager.functionlistsort=1-SystemClock_Config-RCC-false-HAL-false,2-MX_GPIO_Init-GPIO-false-HAL-true,3-MX_DMA_Init-DMA-false-HAL-true,4-MX_SPI2_Init-SPI2-false-HAL-true,5-MX_FDCAN1_Init-FDCAN1-false-HAL-true,6-MX_FDCAN2_Init-FDCAN2-false-HAL-true,7-MX_TIM3_Init-TIM3-false-HAL-true,8-MX_FDCAN3_Init-FDCAN3-false-HAL-true,9-MX_UART5_Init-UART5-false-HAL-true,10-MX_USB_DEVICE_Init-USB_DEVICE-false-HAL-false,11-MX_SPI6_Init-SPI6-false-HAL-true,12-MX_UART8_Init-UART8-false-HAL-true,13-MX_USART10_UART_Init-USART10-false-HAL-true,14-MX_UART7_Init-UART7-false-HAL-true,15-MX_USART1_UART_Init-USART1-false-HAL-true,0-MX_CORTEX_M7_Init-CORTEX_M7-false-HAL-true
RCC.ADCFreq_Value=48375000
RCC.AHB12Freq_Value=240000000
RCC.AHB4Freq_Value=240000000
RCC.APB1Freq_Value=120000000
RCC.APB2Freq_Value=120000000
RCC.APB3Freq_Value=120000000
RCC.APB4Freq_Value=120000000
RCC.AXIClockFreq_Value=240000000
RCC.CECFreq_Value=32000
RCC.CKPERFreq_Value=64000000
RCC.CortexFreq_Value=480000000
RCC.CpuClockFreq_Value=480000000
RCC.D1CPREFreq_Value=480000000
RCC.D1PPRE=RCC_APB3_DIV2
RCC.D2PPRE1=RCC_APB1_DIV2
RCC.D2PPRE2=RCC_APB2_DIV2
RCC.D3PPRE=RCC_APB4_DIV2
RCC.DFSDMACLkFreq_Value=80000000
RCC.DFSDMFreq_Value=120000000
RCC.DIVM1=2
RCC.DIVN1=40
RCC.DIVP1=1
RCC.DIVP1Freq_Value=480000000
RCC.DIVP2Freq_Value=48375000
RCC.DIVP3Freq_Value=48375000
RCC.DIVQ1=6
RCC.DIVQ1Freq_Value=80000000
RCC.DIVQ2Freq_Value=48375000
RCC.DIVQ3Freq_Value=48375000
RCC.DIVR1Freq_Value=240000000
RCC.DIVR2Freq_Value=48375000
RCC.DIVR3Freq_Value=48375000
RCC.FDCANFreq_Value=80000000
RCC.FMCFreq_Value=240000000
RCC.FamilyName=M
RCC.HCLK3ClockFreq_Value=240000000
RCC.HCLKFreq_Value=240000000
RCC.HPRE=RCC_HCLK_DIV2
RCC.HSE_VALUE=24000000
RCC.I2C123Freq_Value=120000000
RCC.I2C4Freq_Value=120000000
RCC.IPParameters=ADCFreq_Value,AHB12Freq_Value,AHB4Freq_Value,APB1Freq_Value,APB2Freq_Value,APB3Freq_Value,APB4Freq_Value,AXIClockFreq_Value,CECFreq_Value,CKPERFreq_Value,CortexFreq_Value,CpuClockFreq_Value,D1CPREFreq_Value,D1PPRE,D2PPRE1,D2PPRE2,D3PPRE,DFSDMACLkFreq_Value,DFSDMFreq_Value,DIVM1,DIVN1,DIVP1,DIVP1Freq_Value,DIVP2Freq_Value,DIVP3Freq_Value,DIVQ1,DIVQ1Freq_Value,DIVQ2Freq_Value,DIVQ3Freq_Value,DIVR1Freq_Value,DIVR2Freq_Value,DIVR3Freq_Value,FDCANFreq_Value,FMCFreq_Value,FamilyName,HCLK3ClockFreq_Value,HCLKFreq_Value,HPRE,HSE_VALUE,I2C123Freq_Value,I2C4Freq_Value,LPTIM1Freq_Value,LPTIM2Freq_Value,LPTIM345Freq_Value,LPUART1Freq_Value,LTDCFreq_Value,MCO1PinFreq_Value,MCO2PinFreq_Value,PLL2FRACN,PLL3FRACN,PLLFRACN,PLLSourceVirtual,QSPIFreq_Value,RNGFreq_Value,RTCFreq_Value,SAI1Freq_Value,SAI4AFreq_Value,SAI4BFreq_Value,SDMMCFreq_Value,SPDIFRXFreq_Value,SPI123Freq_Value,SPI45Freq_Value,SPI6CLockSelection,SPI6Freq_Value,SWPMI1Freq_Value,SYSCLKFreq_VALUE,SYSCLKSource,Tim1OutputFreq_Value,Tim2OutputFreq_Value,TraceFreq_Value,USART16Freq_Value,USART234578Freq_Value,USBCLockSelection,USBFreq_Value,VCO1OutputFreq_Value,VCO2OutputFreq_Value,VCO3OutputFreq_Value,VCOInput1Freq_Value,VCOInput2Freq_Value,VCOInput3Freq_Value
RCC.LPTIM1Freq_Value=120000000
RCC.LPTIM2Freq_Value=120000000
RCC.LPTIM345Freq_Value=120000000
RCC.LPUART1Freq_Value=120000000
RCC.LTDCFreq_Value=48375000
RCC.MCO1PinFreq_Value=64000000
RCC.MCO2PinFreq_Value=480000000
RCC.PLL2FRACN=0
RCC.PLL3FRACN=0
RCC.PLLFRACN=0
RCC.PLLSourceVirtual=RCC_PLLSOURCE_HSE
RCC.QSPIFreq_Value=240000000
RCC.RNGFreq_Value=48000000
RCC.RTCFreq_Value=32000
RCC.SAI1Freq_Value=80000000
RCC.SAI4AFreq_Value=80000000
RCC.SAI4BFreq_Value=80000000
RCC.SDMMCFreq_Value=80000000
RCC.SPDIFRXFreq_Value=80000000
RCC.SPI123Freq_Value=80000000
RCC.SPI45Freq_Value=120000000
RCC.SPI6CLockSelection=RCC_SPI6CLKSOURCE_HSE
RCC.SPI6Freq_Value=24000000
RCC.SWPMI1Freq_Value=120000000
RCC.SYSCLKFreq_VALUE=480000000
RCC.SYSCLKSource=RCC_SYSCLKSOURCE_PLLCLK
RCC.Tim1OutputFreq_Value=240000000
RCC.Tim2OutputFreq_Value=240000000
RCC.TraceFreq_Value=240000000
RCC.USART16Freq_Value=120000000
RCC.USART234578Freq_Value=120000000
RCC.USBCLockSelection=RCC_USBCLKSOURCE_HSI48
RCC.USBFreq_Value=48000000
RCC.VCO1OutputFreq_Value=480000000
RCC.VCO2OutputFreq_Value=96750000
RCC.VCO3OutputFreq_Value=96750000
RCC.VCOInput1Freq_Value=12000000
RCC.VCOInput2Freq_Value=750000
RCC.VCOInput3Freq_Value=750000
SH.GPXTI10.0=GPIO_EXTI10
SH.GPXTI10.ConfNb=1
SH.GPXTI12.0=GPIO_EXTI12
SH.GPXTI12.ConfNb=1
SH.S_TIM3_CH4.0=TIM3_CH4,PWM Generation4 CH4
SH.S_TIM3_CH4.ConfNb=1
SPI2.BaudRatePrescaler=SPI_BAUDRATEPRESCALER_32
SPI2.CLKPhase=SPI_PHASE_2EDGE
SPI2.CLKPolarity=SPI_POLARITY_HIGH
SPI2.CalculateBaudRate=2.5 MBits/s
SPI2.DataSize=SPI_DATASIZE_8BIT
SPI2.Direction=SPI_DIRECTION_2LINES
SPI2.IPParameters=VirtualType,Mode,Direction,CalculateBaudRate,DataSize,BaudRatePrescaler,CLKPolarity,CLKPhase
SPI2.Mode=SPI_MODE_MASTER
SPI2.VirtualType=VM_MASTER
SPI6.BaudRatePrescaler=SPI_BAUDRATEPRESCALER_4
SPI6.CLKPhase=SPI_PHASE_2EDGE
SPI6.CalculateBaudRate=6.0 MBits/s
SPI6.DataSize=SPI_DATASIZE_8BIT
SPI6.Direction=SPI_DIRECTION_2LINES_TXONLY
SPI6.IPParameters=VirtualType,Mode,Direction,CalculateBaudRate,DataSize,BaudRatePrescaler,CLKPhase
SPI6.Mode=SPI_MODE_MASTER
SPI6.VirtualType=VM_MASTER
STMicroelectronics.X-CUBE-ALGOBUILD.1.4.0.DSPOoLibraryJjLibrary_Checked=true
STMicroelectronics.X-CUBE-ALGOBUILD.1.4.0.IPParameters=LibraryCcDSPOoLibraryJjDSPOoLibrary
STMicroelectronics.X-CUBE-ALGOBUILD.1.4.0.LibraryCcDSPOoLibraryJjDSPOoLibrary=true
STMicroelectronics.X-CUBE-ALGOBUILD.1.4.0_SwParameter=LibraryCcDSPOoLibraryJjDSPOoLibrary\:true;
TIM3.AutoReloadPreload=TIM_AUTORELOAD_PRELOAD_ENABLE
TIM3.Channel-PWM\ Generation4\ CH4=TIM_CHANNEL_4
TIM3.IPParameters=Channel-PWM Generation4 CH4,Prescaler,Period,AutoReloadPreload
TIM3.Period=10000-1
TIM3.Prescaler=24-1
UART5.BaudRate=100000
UART5.IPParameters=BaudRate,Parity,WordLength,StopBits
UART5.Parity=PARITY_EVEN
UART5.StopBits=UART_STOPBITS_2
UART5.WordLength=WORDLENGTH_9B
USART1.IPParameters=VirtualMode-Asynchronous
USART1.VirtualMode-Asynchronous=VM_ASYNC
USART10.BaudRate=115200
USART10.IPParameters=VirtualMode,BaudRate,WordLength,Parity,StopBits
USART10.Parity=PARITY_NONE
USART10.StopBits=STOPBITS_1
USART10.VirtualMode=VM_ASYNC
USART10.WordLength=WORDLENGTH_8B
USB_DEVICE.CLASS_NAME_HS=CDC
USB_DEVICE.IPParameters=VirtualMode,VirtualModeHS,CLASS_NAME_HS
USB_DEVICE.VirtualMode=Cdc
USB_DEVICE.VirtualModeHS=Cdc_HS
USB_OTG_HS.IPParameters=VirtualMode-Device_Only_FS
USB_OTG_HS.VirtualMode-Device_Only_FS=Device_Only_FS
VP_FREERTOS_VS_CMSIS_V1.Mode=CMSIS_V1
VP_FREERTOS_VS_CMSIS_V1.Signal=FREERTOS_VS_CMSIS_V1
VP_MEMORYMAP_VS_MEMORYMAP.Mode=CurAppReg
VP_MEMORYMAP_VS_MEMORYMAP.Signal=MEMORYMAP_VS_MEMORYMAP
VP_STMicroelectronics.X-CUBE-ALGOBUILD_VS_DSPOoLibraryJjLibrary_1.4.0_1.4.0.Mode=DSPOoLibraryJjLibrary
VP_STMicroelectronics.X-CUBE-ALGOBUILD_VS_DSPOoLibraryJjLibrary_1.4.0_1.4.0.Signal=STMicroelectronics.X-CUBE-ALGOBUILD_VS_DSPOoLibraryJjLibrary_1.4.0_1.4.0
VP_SYS_VS_tim2.Mode=TIM2
VP_SYS_VS_tim2.Signal=SYS_VS_tim2
VP_USB_DEVICE_VS_USB_DEVICE_CDC_HS.Mode=CDC_HS
VP_USB_DEVICE_VS_USB_DEVICE_CDC_HS.Signal=USB_DEVICE_VS_USB_DEVICE_CDC_HS
board=custom
rtos.0.ip=FREERTOS
